
Microsoft Visual Studio Solution File, Format Version 12.00
# Visual Studio Version 16
VisualStudioVersion = 16.0.34031.81
MinimumVisualStudioVersion = 10.0.40219.1
Project("{2150E333-8FDC-42A3-9474-1A3956D46DE8}") = "Task0", "Task0", "{EAF70C9B-F5CD-4561-9968-766E8E074A01}"
EndProject
Project("{FAE04EC0-301F-11D3-BF4B-00C04F79EFBC}") = "Tyuiu.ShustovTS.Sprint2.Task0.V24", "Tyuiu.ShustovTS.Sprint2.Task0.V24\Tyuiu.ShustovTS.Sprint2.Task0.V24.csproj", "{696E3111-F39B-4034-9E86-8253EB47B1BE}"
EndProject
Project("{FAE04EC0-301F-11D3-BF4B-00C04F79EFBC}") = "Tyuiu.ShustovTS.Sprint2.Task0.V24.Lib", "Tyuiu.ShustovTS.Sprint2.Task0.V24.Lib\Tyuiu.ShustovTS.Sprint2.Task0.V24.Lib.csproj", "{14C2B0BF-1FA4-4F47-89A0-E38F3707265C}"
EndProject
Project("{FAE04EC0-301F-11D3-BF4B-00C04F79EFBC}") = "Tyuiu.ShustovTS.Sprint2.Task0.V24.Test", "Tyuiu.ShustovTS.Sprint2.Task0.V24.Test\Tyuiu.ShustovTS.Sprint2.Task0.V24.Test.csproj", "{723BA656-46DE-4B79-9B72-A888FB52739B}"
EndProject
Project("{2150E333-8FDC-42A3-9474-1A3956D46DE8}") = "Task1", "Task1", "{0C9EB553-7BDC-4788-BFF5-390425D5731B}"
EndProject
Project("{2150E333-8FDC-42A3-9474-1A3956D46DE8}") = "Task2", "Task2", "{95357E6D-B68D-4F5A-B0C9-00D8098A6024}"
EndProject
Project("{2150E333-8FDC-42A3-9474-1A3956D46DE8}") = "Task3", "Task3", "{187AC9A0-B36D-46D8-8DB6-0F4F85B17EDA}"
EndProject
Project("{2150E333-8FDC-42A3-9474-1A3956D46DE8}") = "Task4", "Task4", "{B69C200C-7373-453C-BBF4-AA5EB4556F30}"
EndProject
Project("{2150E333-8FDC-42A3-9474-1A3956D46DE8}") = "Task5", "Task5", "{1A68DA03-478A-4134-A821-9C9C9A87C984}"
EndProject
Project("{2150E333-8FDC-42A3-9474-1A3956D46DE8}") = "Task6", "Task6", "{A1FBC7F2-E974-493F-AE93-51E7DE106C79}"
EndProject
Project("{2150E333-8FDC-42A3-9474-1A3956D46DE8}") = "Task7", "Task7", "{02A4D8A7-F821-4AB9-AEA0-45225FB0EAD2}"
EndProject
Project("{FAE04EC0-301F-11D3-BF4B-00C04F79EFBC}") = "Tyuiu.ShustovTS.Sprint2.Task1.V29", "Tyuiu.ShustovTS.Sprint2.Task1.V29\Tyuiu.ShustovTS.Sprint2.Task1.V29.csproj", "{1490E8E6-10CA-4D8D-AE30-D05CBE2F0FEA}"
EndProject
Project("{FAE04EC0-301F-11D3-BF4B-00C04F79EFBC}") = "Tyuiu.ShustovTS.Sprint2.Task1.V29.Lib", "Tyuiu.ShustovTS.Sprint2.Task1.V29.Lib\Tyuiu.ShustovTS.Sprint2.Task1.V29.Lib.csproj", "{CD15FB05-FDB2-42FC-AE9B-29AE8C6C7A43}"
EndProject
Project("{FAE04EC0-301F-11D3-BF4B-00C04F79EFBC}") = "Tyuiu.ShustovTS.Sprint2.Task1.V29.Test", "Tyuiu.ShustovTS.Sprint2.Task1.V29.Test\Tyuiu.ShustovTS.Sprint2.Task1.V29.Test.csproj", "{82B14CD7-B824-4A46-96A2-0A3D25A3E98E}"
EndProject
Project("{FAE04EC0-301F-11D3-BF4B-00C04F79EFBC}") = "Tyuiu.ShustovTS.Sprint2.Task2.V19", "Tyuiu.ShustovTS.Sprint2.Task2.V19\Tyuiu.ShustovTS.Sprint2.Task2.V19.csproj", "{275FBB32-92A1-47BE-9E2E-82048C2A76A4}"
EndProject
Project("{FAE04EC0-301F-11D3-BF4B-00C04F79EFBC}") = "Tyuiu.ShustovTS.Sprint2.Task2.V19.Lib", "Tyuiu.ShustovTS.Sprint2.Task2.V19.Lib\Tyuiu.ShustovTS.Sprint2.Task2.V19.Lib.csproj", "{831FD827-111C-42A1-9E10-420F4779AD63}"
EndProject
Project("{FAE04EC0-301F-11D3-BF4B-00C04F79EFBC}") = "Tyuiu.ShustovTS.Sprint2.Task2.V19.Test", "Tyuiu.ShustovTS.Sprint2.Task2.V19.Test\Tyuiu.ShustovTS.Sprint2.Task2.V19.Test.csproj", "{EC7CBDA8-9F3A-43FA-BBA8-69C7BF131E26}"
EndProject
Project("{FAE04EC0-301F-11D3-BF4B-00C04F79EFBC}") = "Tyuiu.ShustovTS.Sprint2.Task3.V28", "Tyuiu.ShustovTS.Sprint2.Task3.V28\Tyuiu.ShustovTS.Sprint2.Task3.V28.csproj", "{F651EB54-31FC-4F8F-B9A9-C9EBA34A8C03}"
EndProject
Project("{FAE04EC0-301F-11D3-BF4B-00C04F79EFBC}") = "Tyuiu.ShustovTS.Sprint2.Task3.V28.Lib", "Tyuiu.ShustovTS.Sprint2.Task3.V28.Lib\Tyuiu.ShustovTS.Sprint2.Task3.V28.Lib.csproj", "{B628C01E-50DE-426B-916B-E4E81D494CF4}"
EndProject
Project("{FAE04EC0-301F-11D3-BF4B-00C04F79EFBC}") = "Tyuiu.ShustovTS.Sprint2.Task3.V28.Test", "Tyuiu.ShustovTS.Sprint2.Task3.V28.Test\Tyuiu.ShustovTS.Sprint2.Task3.V28.Test.csproj", "{B3F28D4F-C803-4F8B-A2FC-4EF3998235B7}"
EndProject
Project("{FAE04EC0-301F-11D3-BF4B-00C04F79EFBC}") = "Tyuiu.ShustovTS.Sprint2.Task4.V30", "Tyuiu.ShustovTS.Sprint2.Task4.V30\Tyuiu.ShustovTS.Sprint2.Task4.V30.csproj", "{6CEAA1B8-DF03-43A4-A0D0-AFCC4B43E820}"
EndProject
Project("{FAE04EC0-301F-11D3-BF4B-00C04F79EFBC}") = "Tyuiu.ShustovTS.Sprint2.Task4.V30.Lib", "Tyuiu.ShustovTS.Sprint2.Task4.V30.Lib\Tyuiu.ShustovTS.Sprint2.Task4.V30.Lib.csproj", "{B9F662E9-2880-4B63-8F1E-83E7AD454E3B}"
EndProject
Project("{FAE04EC0-301F-11D3-BF4B-00C04F79EFBC}") = "Tyuiu.ShustovTS.Sprint2.Task4.V30.Test", "Tyuiu.ShustovTS.Sprint2.Task4.V30.Test\Tyuiu.ShustovTS.Sprint2.Task4.V30.Test.csproj", "{305D3070-A03D-40EB-AAE1-CFEAAA180E48}"
EndProject
Project("{FAE04EC0-301F-11D3-BF4B-00C04F79EFBC}") = "Tyuiu.ShustovTS.Sprint2.Task5.V6", "Tyuiu.ShustovTS.Sprint2.Task5.V6\Tyuiu.ShustovTS.Sprint2.Task5.V6.csproj", "{3745CB64-6590-4369-98CD-61CDD44BED5B}"
EndProject
Project("{FAE04EC0-301F-11D3-BF4B-00C04F79EFBC}") = "Tyuiu.ShustovTS.Sprint2.Task5.V6.Lib", "Tyuiu.ShustovTS.Sprint2.Task5.V6.Lib\Tyuiu.ShustovTS.Sprint2.Task5.V6.Lib.csproj", "{0B7B432C-7A41-4EC7-9E8F-1C9AE8B396CA}"
EndProject
Project("{FAE04EC0-301F-11D3-BF4B-00C04F79EFBC}") = "Tyuiu.ShustovTS.Sprint2.Task5.V6.Test", "Tyuiu.ShustovTS.Sprint2.Task5.V6.Test\Tyuiu.ShustovTS.Sprint2.Task5.V6.Test.csproj", "{B3902A35-F78D-416A-B27F-899842F63B6B}"
EndProject
Project("{FAE04EC0-301F-11D3-BF4B-00C04F79EFBC}") = "Tyuiu.ShustovTS.Sprint2.Task6.V15", "Tyuiu.ShustovTS.Sprint2.Task6.V15\Tyuiu.ShustovTS.Sprint2.Task6.V15.csproj", "{FEC89731-54A0-424D-82C0-E1B01F7C8ACB}"
EndProject
Project("{FAE04EC0-301F-11D3-BF4B-00C04F79EFBC}") = "Tyuiu.ShustovTS.Sprint2.Task6.V15.Lib", "Tyuiu.ShustovTS.Sprint2.Task6.V15.Lib\Tyuiu.ShustovTS.Sprint2.Task6.V15.Lib.csproj", "{60EBD0EE-F34C-4B0B-9A46-747BD48DCC47}"
EndProject
Project("{FAE04EC0-301F-11D3-BF4B-00C04F79EFBC}") = "Tyuiu.ShustovTS.Sprint2.Task6.V15.Test", "Tyuiu.ShustovTS.Sprint2.Task6.V15.Test\Tyuiu.ShustovTS.Sprint2.Task6.V15.Test.csproj", "{527DEC1A-7A82-4CC2-94EB-BB5B50247803}"
EndProject
Project("{FAE04EC0-301F-11D3-BF4B-00C04F79EFBC}") = "Tyuiu.ShustovTS.Sprint2.Task7.V11", "Tyuiu.ShustovTS.Sprint2.Task7.V11\Tyuiu.ShustovTS.Sprint2.Task7.V11.csproj", "{DDF986F0-AFB1-4B20-A2E9-A97D727FE4B9}"
EndProject
Project("{FAE04EC0-301F-11D3-BF4B-00C04F79EFBC}") = "Tyuiu.ShustovTS.Sprint2.Task7.V11.Lib", "Tyuiu.ShustovTS.Sprint2.Task7.V11.Lib\Tyuiu.ShustovTS.Sprint2.Task7.V11.Lib.csproj", "{9AC95B93-A031-49EE-B539-096564EB3640}"
EndProject
Project("{FAE04EC0-301F-11D3-BF4B-00C04F79EFBC}") = "Tyuiu.ShustovTS.Sprint2.Task7.V11.Test", "Tyuiu.ShustovTS.Sprint2.Task7.V11.Test\Tyuiu.ShustovTS.Sprint2.Task7.V11.Test.csproj", "{E31ECD36-DF9E-43AD-94F3-28A843EF692A}"
EndProject
Project("{2150E333-8FDC-42A3-9474-1A3956D46DE8}") = "NewFolder1", "NewFolder1", "{C733919B-D1E7-44C5-8929-77DC4D4610F8}"
EndProject
Project("{FAE04EC0-301F-11D3-BF4B-00C04F79EFBC}") = "Tyuiu.ShustovTS.Sprint2.Review.V15", "Tyuiu.ShustovTS.Sprint2.Review.V15\Tyuiu.ShustovTS.Sprint2.Review.V15.csproj", "{8B4DCF3E-4FE4-4ECF-A507-E762AE9F7D27}"
EndProject
Project("{FAE04EC0-301F-11D3-BF4B-00C04F79EFBC}") = "Tyuiu.ShustovTS.Sprint2.Review.V15.Lib", "Tyuiu.ShustovTS.Sprint2.Review.V15.Lib\Tyuiu.ShustovTS.Sprint2.Review.V15.Lib.csproj", "{2FFA918A-0889-49DC-8D64-59D447708F82}"
EndProject
Project("{FAE04EC0-301F-11D3-BF4B-00C04F79EFBC}") = "Tyuiu.ShustovTS.Sprint2.Review.V15.Test", "Tyuiu.ShustovTS.Sprint2.Review.V15.Test\Tyuiu.ShustovTS.Sprint2.Review.V15.Test.csproj", "{F99495C5-2F77-4A46-BD2D-3EF30DB5CB02}"
EndProject
Global
	GlobalSection(SolutionConfigurationPlatforms) = preSolution
		Debug|Any CPU = Debug|Any CPU
		Release|Any CPU = Release|Any CPU
	EndGlobalSection
	GlobalSection(ProjectConfigurationPlatforms) = postSolution
		{696E3111-F39B-4034-9E86-8253EB47B1BE}.Debug|Any CPU.ActiveCfg = Debug|Any CPU
		{696E3111-F39B-4034-9E86-8253EB47B1BE}.Debug|Any CPU.Build.0 = Debug|Any CPU
		{696E3111-F39B-4034-9E86-8253EB47B1BE}.Release|Any CPU.ActiveCfg = Release|Any CPU
		{696E3111-F39B-4034-9E86-8253EB47B1BE}.Release|Any CPU.Build.0 = Release|Any CPU
		{14C2B0BF-1FA4-4F47-89A0-E38F3707265C}.Debug|Any CPU.ActiveCfg = Debug|Any CPU
		{14C2B0BF-1FA4-4F47-89A0-E38F3707265C}.Debug|Any CPU.Build.0 = Debug|Any CPU
		{14C2B0BF-1FA4-4F47-89A0-E38F3707265C}.Release|Any CPU.ActiveCfg = Release|Any CPU
		{14C2B0BF-1FA4-4F47-89A0-E38F3707265C}.Release|Any CPU.Build.0 = Release|Any CPU
		{723BA656-46DE-4B79-9B72-A888FB52739B}.Debug|Any CPU.ActiveCfg = Debug|Any CPU
		{723BA656-46DE-4B79-9B72-A888FB52739B}.Debug|Any CPU.Build.0 = Debug|Any CPU
		{723BA656-46DE-4B79-9B72-A888FB52739B}.Release|Any CPU.ActiveCfg = Release|Any CPU
		{723BA656-46DE-4B79-9B72-A888FB52739B}.Release|Any CPU.Build.0 = Release|Any CPU
		{1490E8E6-10CA-4D8D-AE30-D05CBE2F0FEA}.Debug|Any CPU.ActiveCfg = Debug|Any CPU
		{1490E8E6-10CA-4D8D-AE30-D05CBE2F0FEA}.Debug|Any CPU.Build.0 = Debug|Any CPU
		{1490E8E6-10CA-4D8D-AE30-D05CBE2F0FEA}.Release|Any CPU.ActiveCfg = Release|Any CPU
		{1490E8E6-10CA-4D8D-AE30-D05CBE2F0FEA}.Release|Any CPU.Build.0 = Release|Any CPU
		{CD15FB05-FDB2-42FC-AE9B-29AE8C6C7A43}.Debug|Any CPU.ActiveCfg = Debug|Any CPU
		{CD15FB05-FDB2-42FC-AE9B-29AE8C6C7A43}.Debug|Any CPU.Build.0 = Debug|Any CPU
		{CD15FB05-FDB2-42FC-AE9B-29AE8C6C7A43}.Release|Any CPU.ActiveCfg = Release|Any CPU
		{CD15FB05-FDB2-42FC-AE9B-29AE8C6C7A43}.Release|Any CPU.Build.0 = Release|Any CPU
		{82B14CD7-B824-4A46-96A2-0A3D25A3E98E}.Debug|Any CPU.ActiveCfg = Debug|Any CPU
		{82B14CD7-B824-4A46-96A2-0A3D25A3E98E}.Debug|Any CPU.Build.0 = Debug|Any CPU
		{82B14CD7-B824-4A46-96A2-0A3D25A3E98E}.Release|Any CPU.ActiveCfg = Release|Any CPU
		{82B14CD7-B824-4A46-96A2-0A3D25A3E98E}.Release|Any CPU.Build.0 = Release|Any CPU
		{275FBB32-92A1-47BE-9E2E-82048C2A76A4}.Debug|Any CPU.ActiveCfg = Debug|Any CPU
		{275FBB32-92A1-47BE-9E2E-82048C2A76A4}.Debug|Any CPU.Build.0 = Debug|Any CPU
		{275FBB32-92A1-47BE-9E2E-82048C2A76A4}.Release|Any CPU.ActiveCfg = Release|Any CPU
		{275FBB32-92A1-47BE-9E2E-82048C2A76A4}.Release|Any CPU.Build.0 = Release|Any CPU
		{831FD827-111C-42A1-9E10-420F4779AD63}.Debug|Any CPU.ActiveCfg = Debug|Any CPU
		{831FD827-111C-42A1-9E10-420F4779AD63}.Debug|Any CPU.Build.0 = Debug|Any CPU
		{831FD827-111C-42A1-9E10-420F4779AD63}.Release|Any CPU.ActiveCfg = Release|Any CPU
		{831FD827-111C-42A1-9E10-420F4779AD63}.Release|Any CPU.Build.0 = Release|Any CPU
		{EC7CBDA8-9F3A-43FA-BBA8-69C7BF131E26}.Debug|Any CPU.ActiveCfg = Debug|Any CPU
		{EC7CBDA8-9F3A-43FA-BBA8-69C7BF131E26}.Debug|Any CPU.Build.0 = Debug|Any CPU
		{EC7CBDA8-9F3A-43FA-BBA8-69C7BF131E26}.Release|Any CPU.ActiveCfg = Release|Any CPU
		{EC7CBDA8-9F3A-43FA-BBA8-69C7BF131E26}.Release|Any CPU.Build.0 = Release|Any CPU
		{F651EB54-31FC-4F8F-B9A9-C9EBA34A8C03}.Debug|Any CPU.ActiveCfg = Debug|Any CPU
		{F651EB54-31FC-4F8F-B9A9-C9EBA34A8C03}.Debug|Any CPU.Build.0 = Debug|Any CPU
		{F651EB54-31FC-4F8F-B9A9-C9EBA34A8C03}.Release|Any CPU.ActiveCfg = Release|Any CPU
		{F651EB54-31FC-4F8F-B9A9-C9EBA34A8C03}.Release|Any CPU.Build.0 = Release|Any CPU
		{B628C01E-50DE-426B-916B-E4E81D494CF4}.Debug|Any CPU.ActiveCfg = Debug|Any CPU
		{B628C01E-50DE-426B-916B-E4E81D494CF4}.Debug|Any CPU.Build.0 = Debug|Any CPU
		{B628C01E-50DE-426B-916B-E4E81D494CF4}.Release|Any CPU.ActiveCfg = Release|Any CPU
		{B628C01E-50DE-426B-916B-E4E81D494CF4}.Release|Any CPU.Build.0 = Release|Any CPU
		{B3F28D4F-C803-4F8B-A2FC-4EF3998235B7}.Debug|Any CPU.ActiveCfg = Debug|Any CPU
		{B3F28D4F-C803-4F8B-A2FC-4EF3998235B7}.Debug|Any CPU.Build.0 = Debug|Any CPU
		{B3F28D4F-C803-4F8B-A2FC-4EF3998235B7}.Release|Any CPU.ActiveCfg = Release|Any CPU
		{B3F28D4F-C803-4F8B-A2FC-4EF3998235B7}.Release|Any CPU.Build.0 = Release|Any CPU
		{6CEAA1B8-DF03-43A4-A0D0-AFCC4B43E820}.Debug|Any CPU.ActiveCfg = Debug|Any CPU
		{6CEAA1B8-DF03-43A4-A0D0-AFCC4B43E820}.Debug|Any CPU.Build.0 = Debug|Any CPU
		{6CEAA1B8-DF03-43A4-A0D0-AFCC4B43E820}.Release|Any CPU.ActiveCfg = Release|Any CPU
		{6CEAA1B8-DF03-43A4-A0D0-AFCC4B43E820}.Release|Any CPU.Build.0 = Release|Any CPU
		{B9F662E9-2880-4B63-8F1E-83E7AD454E3B}.Debug|Any CPU.ActiveCfg = Debug|Any CPU
		{B9F662E9-2880-4B63-8F1E-83E7AD454E3B}.Debug|Any CPU.Build.0 = Debug|Any CPU
		{B9F662E9-2880-4B63-8F1E-83E7AD454E3B}.Release|Any CPU.ActiveCfg = Release|Any CPU
		{B9F662E9-2880-4B63-8F1E-83E7AD454E3B}.Release|Any CPU.Build.0 = Release|Any CPU
		{305D3070-A03D-40EB-AAE1-CFEAAA180E48}.Debug|Any CPU.ActiveCfg = Debug|Any CPU
		{305D3070-A03D-40EB-AAE1-CFEAAA180E48}.Debug|Any CPU.Build.0 = Debug|Any CPU
		{305D3070-A03D-40EB-AAE1-CFEAAA180E48}.Release|Any CPU.ActiveCfg = Release|Any CPU
		{305D3070-A03D-40EB-AAE1-CFEAAA180E48}.Release|Any CPU.Build.0 = Release|Any CPU
		{3745CB64-6590-4369-98CD-61CDD44BED5B}.Debug|Any CPU.ActiveCfg = Debug|Any CPU
		{3745CB64-6590-4369-98CD-61CDD44BED5B}.Debug|Any CPU.Build.0 = Debug|Any CPU
		{3745CB64-6590-4369-98CD-61CDD44BED5B}.Release|Any CPU.ActiveCfg = Release|Any CPU
		{3745CB64-6590-4369-98CD-61CDD44BED5B}.Release|Any CPU.Build.0 = Release|Any CPU
		{0B7B432C-7A41-4EC7-9E8F-1C9AE8B396CA}.Debug|Any CPU.ActiveCfg = Debug|Any CPU
		{0B7B432C-7A41-4EC7-9E8F-1C9AE8B396CA}.Debug|Any CPU.Build.0 = Debug|Any CPU
		{0B7B432C-7A41-4EC7-9E8F-1C9AE8B396CA}.Release|Any CPU.ActiveCfg = Release|Any CPU
		{0B7B432C-7A41-4EC7-9E8F-1C9AE8B396CA}.Release|Any CPU.Build.0 = Release|Any CPU
		{B3902A35-F78D-416A-B27F-899842F63B6B}.Debug|Any CPU.ActiveCfg = Debug|Any CPU
		{B3902A35-F78D-416A-B27F-899842F63B6B}.Debug|Any CPU.Build.0 = Debug|Any CPU
		{B3902A35-F78D-416A-B27F-899842F63B6B}.Release|Any CPU.ActiveCfg = Release|Any CPU
		{B3902A35-F78D-416A-B27F-899842F63B6B}.Release|Any CPU.Build.0 = Release|Any CPU
		{FEC89731-54A0-424D-82C0-E1B01F7C8ACB}.Debug|Any CPU.ActiveCfg = Debug|Any CPU
		{FEC89731-54A0-424D-82C0-E1B01F7C8ACB}.Debug|Any CPU.Build.0 = Debug|Any CPU
		{FEC89731-54A0-424D-82C0-E1B01F7C8ACB}.Release|Any CPU.ActiveCfg = Release|Any CPU
		{FEC89731-54A0-424D-82C0-E1B01F7C8ACB}.Release|Any CPU.Build.0 = Release|Any CPU
		{60EBD0EE-F34C-4B0B-9A46-747BD48DCC47}.Debug|Any CPU.ActiveCfg = Debug|Any CPU
		{60EBD0EE-F34C-4B0B-9A46-747BD48DCC47}.Debug|Any CPU.Build.0 = Debug|Any CPU
		{60EBD0EE-F34C-4B0B-9A46-747BD48DCC47}.Release|Any CPU.ActiveCfg = Release|Any CPU
		{60EBD0EE-F34C-4B0B-9A46-747BD48DCC47}.Release|Any CPU.Build.0 = Release|Any CPU
		{527DEC1A-7A82-4CC2-94EB-BB5B50247803}.Debug|Any CPU.ActiveCfg = Debug|Any CPU
		{527DEC1A-7A82-4CC2-94EB-BB5B50247803}.Debug|Any CPU.Build.0 = Debug|Any CPU
		{527DEC1A-7A82-4CC2-94EB-BB5B50247803}.Release|Any CPU.ActiveCfg = Release|Any CPU
		{527DEC1A-7A82-4CC2-94EB-BB5B50247803}.Release|Any CPU.Build.0 = Release|Any CPU
		{DDF986F0-AFB1-4B20-A2E9-A97D727FE4B9}.Debug|Any CPU.ActiveCfg = Debug|Any CPU
		{DDF986F0-AFB1-4B20-A2E9-A97D727FE4B9}.Debug|Any CPU.Build.0 = Debug|Any CPU
		{DDF986F0-AFB1-4B20-A2E9-A97D727FE4B9}.Release|Any CPU.ActiveCfg = Release|Any CPU
		{DDF986F0-AFB1-4B20-A2E9-A97D727FE4B9}.Release|Any CPU.Build.0 = Release|Any CPU
		{9AC95B93-A031-49EE-B539-096564EB3640}.Debug|Any CPU.ActiveCfg = Debug|Any CPU
		{9AC95B93-A031-49EE-B539-096564EB3640}.Debug|Any CPU.Build.0 = Debug|Any CPU
		{9AC95B93-A031-49EE-B539-096564EB3640}.Release|Any CPU.ActiveCfg = Release|Any CPU
		{9AC95B93-A031-49EE-B539-096564EB3640}.Release|Any CPU.Build.0 = Release|Any CPU
		{E31ECD36-DF9E-43AD-94F3-28A843EF692A}.Debug|Any CPU.ActiveCfg = Debug|Any CPU
		{E31ECD36-DF9E-43AD-94F3-28A843EF692A}.Debug|Any CPU.Build.0 = Debug|Any CPU
		{E31ECD36-DF9E-43AD-94F3-28A843EF692A}.Release|Any CPU.ActiveCfg = Release|Any CPU
		{E31ECD36-DF9E-43AD-94F3-28A843EF692A}.Release|Any CPU.Build.0 = Release|Any CPU
		{8B4DCF3E-4FE4-4ECF-A507-E762AE9F7D27}.Debug|Any CPU.ActiveCfg = Debug|Any CPU
		{8B4DCF3E-4FE4-4ECF-A507-E762AE9F7D27}.Debug|Any CPU.Build.0 = Debug|Any CPU
		{8B4DCF3E-4FE4-4ECF-A507-E762AE9F7D27}.Release|Any CPU.ActiveCfg = Release|Any CPU
		{8B4DCF3E-4FE4-4ECF-A507-E762AE9F7D27}.Release|Any CPU.Build.0 = Release|Any CPU
		{2FFA918A-0889-49DC-8D64-59D447708F82}.Debug|Any CPU.ActiveCfg = Debug|Any CPU
		{2FFA918A-0889-49DC-8D64-59D447708F82}.Debug|Any CPU.Build.0 = Debug|Any CPU
		{2FFA918A-0889-49DC-8D64-59D447708F82}.Release|Any CPU.ActiveCfg = Release|Any CPU
		{2FFA918A-0889-49DC-8D64-59D447708F82}.Release|Any CPU.Build.0 = Release|Any CPU
		{F99495C5-2F77-4A46-BD2D-3EF30DB5CB02}.Debug|Any CPU.ActiveCfg = Debug|Any CPU
		{F99495C5-2F77-4A46-BD2D-3EF30DB5CB02}.Debug|Any CPU.Build.0 = Debug|Any CPU
		{F99495C5-2F77-4A46-BD2D-3EF30DB5CB02}.Release|Any CPU.ActiveCfg = Release|Any CPU
		{F99495C5-2F77-4A46-BD2D-3EF30DB5CB02}.Release|Any CPU.Build.0 = Release|Any CPU
	EndGlobalSection
	GlobalSection(SolutionProperties) = preSolution
		HideSolutionNode = FALSE
	EndGlobalSection
	GlobalSection(NestedProjects) = preSolution
		{696E3111-F39B-4034-9E86-8253EB47B1BE} = {EAF70C9B-F5CD-4561-9968-766E8E074A01}
		{14C2B0BF-1FA4-4F47-89A0-E38F3707265C} = {EAF70C9B-F5CD-4561-9968-766E8E074A01}
		{723BA656-46DE-4B79-9B72-A888FB52739B} = {EAF70C9B-F5CD-4561-9968-766E8E074A01}
		{1490E8E6-10CA-4D8D-AE30-D05CBE2F0FEA} = {0C9EB553-7BDC-4788-BFF5-390425D5731B}
		{CD15FB05-FDB2-42FC-AE9B-29AE8C6C7A43} = {0C9EB553-7BDC-4788-BFF5-390425D5731B}
		{82B14CD7-B824-4A46-96A2-0A3D25A3E98E} = {0C9EB553-7BDC-4788-BFF5-390425D5731B}
		{275FBB32-92A1-47BE-9E2E-82048C2A76A4} = {95357E6D-B68D-4F5A-B0C9-00D8098A6024}
		{831FD827-111C-42A1-9E10-420F4779AD63} = {95357E6D-B68D-4F5A-B0C9-00D8098A6024}
		{EC7CBDA8-9F3A-43FA-BBA8-69C7BF131E26} = {95357E6D-B68D-4F5A-B0C9-00D8098A6024}
		{F651EB54-31FC-4F8F-B9A9-C9EBA34A8C03} = {187AC9A0-B36D-46D8-8DB6-0F4F85B17EDA}
		{B628C01E-50DE-426B-916B-E4E81D494CF4} = {187AC9A0-B36D-46D8-8DB6-0F4F85B17EDA}
		{B3F28D4F-C803-4F8B-A2FC-4EF3998235B7} = {187AC9A0-B36D-46D8-8DB6-0F4F85B17EDA}
		{6CEAA1B8-DF03-43A4-A0D0-AFCC4B43E820} = {B69C200C-7373-453C-BBF4-AA5EB4556F30}
		{B9F662E9-2880-4B63-8F1E-83E7AD454E3B} = {B69C200C-7373-453C-BBF4-AA5EB4556F30}
		{305D3070-A03D-40EB-AAE1-CFEAAA180E48} = {B69C200C-7373-453C-BBF4-AA5EB4556F30}
		{3745CB64-6590-4369-98CD-61CDD44BED5B} = {1A68DA03-478A-4134-A821-9C9C9A87C984}
		{0B7B432C-7A41-4EC7-9E8F-1C9AE8B396CA} = {1A68DA03-478A-4134-A821-9C9C9A87C984}
		{B3902A35-F78D-416A-B27F-899842F63B6B} = {1A68DA03-478A-4134-A821-9C9C9A87C984}
		{FEC89731-54A0-424D-82C0-E1B01F7C8ACB} = {A1FBC7F2-E974-493F-AE93-51E7DE106C79}
		{60EBD0EE-F34C-4B0B-9A46-747BD48DCC47} = {A1FBC7F2-E974-493F-AE93-51E7DE106C79}
		{527DEC1A-7A82-4CC2-94EB-BB5B50247803} = {A1FBC7F2-E974-493F-AE93-51E7DE106C79}
		{DDF986F0-AFB1-4B20-A2E9-A97D727FE4B9} = {02A4D8A7-F821-4AB9-AEA0-45225FB0EAD2}
		{9AC95B93-A031-49EE-B539-096564EB3640} = {02A4D8A7-F821-4AB9-AEA0-45225FB0EAD2}
		{E31ECD36-DF9E-43AD-94F3-28A843EF692A} = {02A4D8A7-F821-4AB9-AEA0-45225FB0EAD2}
		{8B4DCF3E-4FE4-4ECF-A507-E762AE9F7D27} = {C733919B-D1E7-44C5-8929-77DC4D4610F8}
		{2FFA918A-0889-49DC-8D64-59D447708F82} = {C733919B-D1E7-44C5-8929-77DC4D4610F8}
		{F99495C5-2F77-4A46-BD2D-3EF30DB5CB02} = {C733919B-D1E7-44C5-8929-77DC4D4610F8}
	EndGlobalSection
	GlobalSection(ExtensibilityGlobals) = postSolution
		SolutionGuid = {90B027CF-44A0-4DB4-BE48-96C66075AA32}
	EndGlobalSection
EndGlobal
